// !$*UTF8*$!
{
	archiveVersion = 1;
	classes = {
	};
	objectVersion = 46;
	objects = {

/* Begin PBXAggregateTarget section */
		"proj1::proj1PackageTests::ProductTarget" /* proj1PackageTests */ = {
			isa = PBXAggregateTarget;
			buildConfigurationList = OBJ_76 /* Build configuration list for PBXAggregateTarget "proj1PackageTests" */;
			buildPhases = (
			);
			dependencies = (
				OBJ_79 /* PBXTargetDependency */,
			);
			name = proj1PackageTests;
			productName = proj1PackageTests;
		};
/* End PBXAggregateTarget section */

/* Begin PBXBuildFile section */
		OBJ_36 /* FiniteAutomata.swift in Sources */ = {isa = PBXBuildFile; fileRef = OBJ_13 /* FiniteAutomata.swift */; };
		OBJ_43 /* AstarC2Bstar.swift in Sources */ = {isa = PBXBuildFile; fileRef = OBJ_15 /* AstarC2Bstar.swift */; };
		OBJ_44 /* CIdentifierAutomata.swift in Sources */ = {isa = PBXBuildFile; fileRef = OBJ_16 /* CIdentifierAutomata.swift */; };
		OBJ_45 /* MyFiniteAutomata.swift in Sources */ = {isa = PBXBuildFile; fileRef = OBJ_17 /* MyFiniteAutomata.swift */; };
		OBJ_52 /* Simulator.swift in Sources */ = {isa = PBXBuildFile; fileRef = OBJ_19 /* Simulator.swift */; };
		OBJ_54 /* FiniteAutomata.framework in Frameworks */ = {isa = PBXBuildFile; fileRef = "proj1::FiniteAutomata::Product" /* FiniteAutomata.framework */; };
		OBJ_61 /* RunError.swift in Sources */ = {isa = PBXBuildFile; fileRef = OBJ_9 /* RunError.swift */; };
		OBJ_62 /* STDERRStream.swift in Sources */ = {isa = PBXBuildFile; fileRef = OBJ_10 /* STDERRStream.swift */; };
		OBJ_63 /* main.swift in Sources */ = {isa = PBXBuildFile; fileRef = OBJ_11 /* main.swift */; };
		OBJ_65 /* Simulator.framework in Frameworks */ = {isa = PBXBuildFile; fileRef = "proj1::Simulator::Product" /* Simulator.framework */; };
		OBJ_66 /* FiniteAutomata.framework in Frameworks */ = {isa = PBXBuildFile; fileRef = "proj1::FiniteAutomata::Product" /* FiniteAutomata.framework */; };
		OBJ_74 /* Package.swift in Sources */ = {isa = PBXBuildFile; fileRef = OBJ_6 /* Package.swift */; };
		OBJ_85 /* FiniteAutomataTests.swift in Sources */ = {isa = PBXBuildFile; fileRef = OBJ_22 /* FiniteAutomataTests.swift */; };
		OBJ_86 /* XCTestManifests.swift in Sources */ = {isa = PBXBuildFile; fileRef = OBJ_23 /* XCTestManifests.swift */; };
		OBJ_87 /* proj1Tests.swift in Sources */ = {isa = PBXBuildFile; fileRef = OBJ_24 /* proj1Tests.swift */; };
		OBJ_89 /* MyFiniteAutomatas.framework in Frameworks */ = {isa = PBXBuildFile; fileRef = "proj1::MyFiniteAutomatas::Product" /* MyFiniteAutomatas.framework */; };
		OBJ_90 /* Simulator.framework in Frameworks */ = {isa = PBXBuildFile; fileRef = "proj1::Simulator::Product" /* Simulator.framework */; };
		OBJ_91 /* FiniteAutomata.framework in Frameworks */ = {isa = PBXBuildFile; fileRef = "proj1::FiniteAutomata::Product" /* FiniteAutomata.framework */; };
/* End PBXBuildFile section */

/* Begin PBXContainerItemProxy section */
		40E1E59D241EAAD000EA1F11 /* PBXContainerItemProxy */ = {
			isa = PBXContainerItemProxy;
			containerPortal = OBJ_1 /* Project object */;
			proxyType = 1;
			remoteGlobalIDString = "proj1::Simulator";
			remoteInfo = Simulator;
		};
		40E1E59E241EAAD000EA1F11 /* PBXContainerItemProxy */ = {
			isa = PBXContainerItemProxy;
			containerPortal = OBJ_1 /* Project object */;
			proxyType = 1;
			remoteGlobalIDString = "proj1::FiniteAutomata";
			remoteInfo = FiniteAutomata;
		};
		40E1E59F241EAAD000EA1F11 /* PBXContainerItemProxy */ = {
			isa = PBXContainerItemProxy;
			containerPortal = OBJ_1 /* Project object */;
			proxyType = 1;
			remoteGlobalIDString = "proj1::FiniteAutomata";
			remoteInfo = FiniteAutomata;
		};
		40E1E5A0241EAAD300EA1F11 /* PBXContainerItemProxy */ = {
			isa = PBXContainerItemProxy;
			containerPortal = OBJ_1 /* Project object */;
			proxyType = 1;
			remoteGlobalIDString = "proj1::MyFiniteAutomatas";
			remoteInfo = MyFiniteAutomatas;
		};
		40E1E5A1241EAAD300EA1F11 /* PBXContainerItemProxy */ = {
			isa = PBXContainerItemProxy;
			containerPortal = OBJ_1 /* Project object */;
			proxyType = 1;
			remoteGlobalIDString = "proj1::proj1";
			remoteInfo = proj1;
		};
		40E1E5A2241EAAD300EA1F11 /* PBXContainerItemProxy */ = {
			isa = PBXContainerItemProxy;
			containerPortal = OBJ_1 /* Project object */;
			proxyType = 1;
			remoteGlobalIDString = "proj1::Simulator";
			remoteInfo = Simulator;
		};
		40E1E5A3241EAAD300EA1F11 /* PBXContainerItemProxy */ = {
			isa = PBXContainerItemProxy;
			containerPortal = OBJ_1 /* Project object */;
			proxyType = 1;
			remoteGlobalIDString = "proj1::FiniteAutomata";
			remoteInfo = FiniteAutomata;
		};
		40E1E5A4241EAAD500EA1F11 /* PBXContainerItemProxy */ = {
			isa = PBXContainerItemProxy;
			containerPortal = OBJ_1 /* Project object */;
			proxyType = 1;
			remoteGlobalIDString = "proj1::proj1Tests";
			remoteInfo = proj1Tests;
		};
/* End PBXContainerItemProxy section */

/* Begin PBXFileReference section */
		OBJ_10 /* STDERRStream.swift */ = {isa = PBXFileReference; lastKnownFileType = sourcecode.swift; path = STDERRStream.swift; sourceTree = "<group>"; };
		OBJ_11 /* main.swift */ = {isa = PBXFileReference; lastKnownFileType = sourcecode.swift; path = main.swift; sourceTree = "<group>"; };
		OBJ_13 /* FiniteAutomata.swift */ = {isa = PBXFileReference; lastKnownFileType = sourcecode.swift; path = FiniteAutomata.swift; sourceTree = "<group>"; };
		OBJ_15 /* AstarC2Bstar.swift */ = {isa = PBXFileReference; lastKnownFileType = sourcecode.swift; path = AstarC2Bstar.swift; sourceTree = "<group>"; };
		OBJ_16 /* CIdentifierAutomata.swift */ = {isa = PBXFileReference; lastKnownFileType = sourcecode.swift; path = CIdentifierAutomata.swift; sourceTree = "<group>"; };
		OBJ_17 /* MyFiniteAutomata.swift */ = {isa = PBXFileReference; lastKnownFileType = sourcecode.swift; path = MyFiniteAutomata.swift; sourceTree = "<group>"; };
		OBJ_19 /* Simulator.swift */ = {isa = PBXFileReference; lastKnownFileType = sourcecode.swift; path = Simulator.swift; sourceTree = "<group>"; };
		OBJ_22 /* FiniteAutomataTests.swift */ = {isa = PBXFileReference; lastKnownFileType = sourcecode.swift; path = FiniteAutomataTests.swift; sourceTree = "<group>"; };
		OBJ_23 /* XCTestManifests.swift */ = {isa = PBXFileReference; lastKnownFileType = sourcecode.swift; path = XCTestManifests.swift; sourceTree = "<group>"; };
		OBJ_24 /* proj1Tests.swift */ = {isa = PBXFileReference; lastKnownFileType = sourcecode.swift; path = proj1Tests.swift; sourceTree = "<group>"; };
		OBJ_6 /* Package.swift */ = {isa = PBXFileReference; explicitFileType = sourcecode.swift; path = Package.swift; sourceTree = "<group>"; };
		OBJ_9 /* RunError.swift */ = {isa = PBXFileReference; lastKnownFileType = sourcecode.swift; path = RunError.swift; sourceTree = "<group>"; };
		"proj1::FiniteAutomata::Product" /* FiniteAutomata.framework */ = {isa = PBXFileReference; lastKnownFileType = wrapper.framework; path = FiniteAutomata.framework; sourceTree = BUILT_PRODUCTS_DIR; };
		"proj1::MyFiniteAutomatas::Product" /* MyFiniteAutomatas.framework */ = {isa = PBXFileReference; lastKnownFileType = wrapper.framework; path = MyFiniteAutomatas.framework; sourceTree = BUILT_PRODUCTS_DIR; };
		"proj1::Simulator::Product" /* Simulator.framework */ = {isa = PBXFileReference; lastKnownFileType = wrapper.framework; path = Simulator.framework; sourceTree = BUILT_PRODUCTS_DIR; };
		"proj1::proj1::Product" /* proj1 */ = {isa = PBXFileReference; lastKnownFileType = text; path = proj1; sourceTree = BUILT_PRODUCTS_DIR; };
		"proj1::proj1Tests::Product" /* proj1Tests.xctest */ = {isa = PBXFileReference; lastKnownFileType = file; path = proj1Tests.xctest; sourceTree = BUILT_PRODUCTS_DIR; };
/* End PBXFileReference section */

/* Begin PBXFrameworksBuildPhase section */
		OBJ_37 /* Frameworks */ = {
			isa = PBXFrameworksBuildPhase;
			buildActionMask = 0;
			files = (
			);
			runOnlyForDeploymentPostprocessing = 0;
		};
		OBJ_46 /* Frameworks */ = {
			isa = PBXFrameworksBuildPhase;
			buildActionMask = 0;
			files = (
			);
			runOnlyForDeploymentPostprocessing = 0;
		};
		OBJ_53 /* Frameworks */ = {
			isa = PBXFrameworksBuildPhase;
			buildActionMask = 0;
			files = (
				OBJ_54 /* FiniteAutomata.framework in Frameworks */,
			);
			runOnlyForDeploymentPostprocessing = 0;
		};
		OBJ_64 /* Frameworks */ = {
			isa = PBXFrameworksBuildPhase;
			buildActionMask = 0;
			files = (
				OBJ_65 /* Simulator.framework in Frameworks */,
				OBJ_66 /* FiniteAutomata.framework in Frameworks */,
			);
			runOnlyForDeploymentPostprocessing = 0;
		};
		OBJ_88 /* Frameworks */ = {
			isa = PBXFrameworksBuildPhase;
			buildActionMask = 0;
			files = (
				OBJ_89 /* MyFiniteAutomatas.framework in Frameworks */,
				OBJ_90 /* Simulator.framework in Frameworks */,
				OBJ_91 /* FiniteAutomata.framework in Frameworks */,
			);
			runOnlyForDeploymentPostprocessing = 0;
		};
/* End PBXFrameworksBuildPhase section */

/* Begin PBXGroup section */
		OBJ_12 /* FiniteAutomata */ = {
			isa = PBXGroup;
			children = (
				OBJ_13 /* FiniteAutomata.swift */,
			);
			name = FiniteAutomata;
			path = Sources/FiniteAutomata;
			sourceTree = SOURCE_ROOT;
		};
		OBJ_14 /* MyFiniteAutomatas */ = {
			isa = PBXGroup;
			children = (
				OBJ_15 /* AstarC2Bstar.swift */,
				OBJ_16 /* CIdentifierAutomata.swift */,
				OBJ_17 /* MyFiniteAutomata.swift */,
			);
			name = MyFiniteAutomatas;
			path = Sources/MyFiniteAutomatas;
			sourceTree = SOURCE_ROOT;
		};
		OBJ_18 /* Simulator */ = {
			isa = PBXGroup;
			children = (
				OBJ_19 /* Simulator.swift */,
			);
			name = Simulator;
			path = Sources/Simulator;
			sourceTree = SOURCE_ROOT;
		};
		OBJ_20 /* Tests */ = {
			isa = PBXGroup;
			children = (
				OBJ_21 /* proj1Tests */,
			);
			name = Tests;
			sourceTree = SOURCE_ROOT;
		};
		OBJ_21 /* proj1Tests */ = {
			isa = PBXGroup;
			children = (
				OBJ_22 /* FiniteAutomataTests.swift */,
				OBJ_23 /* XCTestManifests.swift */,
				OBJ_24 /* proj1Tests.swift */,
			);
			name = proj1Tests;
			path = Tests/proj1Tests;
			sourceTree = SOURCE_ROOT;
		};
		OBJ_25 /* Products */ = {
			isa = PBXGroup;
			children = (
				"proj1::proj1::Product" /* proj1 */,
				"proj1::proj1Tests::Product" /* proj1Tests.xctest */,
				"proj1::MyFiniteAutomatas::Product" /* MyFiniteAutomatas.framework */,
				"proj1::Simulator::Product" /* Simulator.framework */,
				"proj1::FiniteAutomata::Product" /* FiniteAutomata.framework */,
			);
			name = Products;
			sourceTree = BUILT_PRODUCTS_DIR;
		};
		OBJ_5 /*  */ = {
			isa = PBXGroup;
			children = (
				OBJ_6 /* Package.swift */,
				OBJ_7 /* Sources */,
				OBJ_20 /* Tests */,
				OBJ_25 /* Products */,
			);
			name = "";
			sourceTree = "<group>";
		};
		OBJ_7 /* Sources */ = {
			isa = PBXGroup;
			children = (
				OBJ_8 /* proj1 */,
				OBJ_12 /* FiniteAutomata */,
				OBJ_14 /* MyFiniteAutomatas */,
				OBJ_18 /* Simulator */,
			);
			name = Sources;
			sourceTree = SOURCE_ROOT;
		};
		OBJ_8 /* proj1 */ = {
			isa = PBXGroup;
			children = (
				OBJ_9 /* RunError.swift */,
				OBJ_10 /* STDERRStream.swift */,
				OBJ_11 /* main.swift */,
			);
			name = proj1;
			path = Sources/proj1;
			sourceTree = SOURCE_ROOT;
		};
/* End PBXGroup section */

/* Begin PBXNativeTarget section */
		"proj1::FiniteAutomata" /* FiniteAutomata */ = {
			isa = PBXNativeTarget;
			buildConfigurationList = OBJ_32 /* Build configuration list for PBXNativeTarget "FiniteAutomata" */;
			buildPhases = (
				OBJ_35 /* Sources */,
				OBJ_37 /* Frameworks */,
			);
			buildRules = (
			);
			dependencies = (
			);
			name = FiniteAutomata;
			productName = FiniteAutomata;
			productReference = "proj1::FiniteAutomata::Product" /* FiniteAutomata.framework */;
			productType = "com.apple.product-type.framework";
		};
		"proj1::MyFiniteAutomatas" /* MyFiniteAutomatas */ = {
			isa = PBXNativeTarget;
			buildConfigurationList = OBJ_39 /* Build configuration list for PBXNativeTarget "MyFiniteAutomatas" */;
			buildPhases = (
				OBJ_42 /* Sources */,
				OBJ_46 /* Frameworks */,
			);
			buildRules = (
			);
			dependencies = (
			);
			name = MyFiniteAutomatas;
			productName = MyFiniteAutomatas;
			productReference = "proj1::MyFiniteAutomatas::Product" /* MyFiniteAutomatas.framework */;
			productType = "com.apple.product-type.framework";
		};
		"proj1::Simulator" /* Simulator */ = {
			isa = PBXNativeTarget;
			buildConfigurationList = OBJ_48 /* Build configuration list for PBXNativeTarget "Simulator" */;
			buildPhases = (
				OBJ_51 /* Sources */,
				OBJ_53 /* Frameworks */,
			);
			buildRules = (
			);
			dependencies = (
				OBJ_55 /* PBXTargetDependency */,
			);
			name = Simulator;
			productName = Simulator;
			productReference = "proj1::Simulator::Product" /* Simulator.framework */;
			productType = "com.apple.product-type.framework";
		};
		"proj1::SwiftPMPackageDescription" /* proj1PackageDescription */ = {
			isa = PBXNativeTarget;
			buildConfigurationList = OBJ_70 /* Build configuration list for PBXNativeTarget "proj1PackageDescription" */;
			buildPhases = (
				OBJ_73 /* Sources */,
			);
			buildRules = (
			);
			dependencies = (
			);
			name = proj1PackageDescription;
			productName = proj1PackageDescription;
			productType = "com.apple.product-type.framework";
		};
		"proj1::proj1" /* proj1 */ = {
			isa = PBXNativeTarget;
			buildConfigurationList = OBJ_57 /* Build configuration list for PBXNativeTarget "proj1" */;
			buildPhases = (
				OBJ_60 /* Sources */,
				OBJ_64 /* Frameworks */,
			);
			buildRules = (
			);
			dependencies = (
				OBJ_67 /* PBXTargetDependency */,
				OBJ_68 /* PBXTargetDependency */,
			);
			name = proj1;
			productName = proj1;
			productReference = "proj1::proj1::Product" /* proj1 */;
			productType = "com.apple.product-type.tool";
		};
		"proj1::proj1Tests" /* proj1Tests */ = {
			isa = PBXNativeTarget;
			buildConfigurationList = OBJ_81 /* Build configuration list for PBXNativeTarget "proj1Tests" */;
			buildPhases = (
				OBJ_84 /* Sources */,
				OBJ_88 /* Frameworks */,
			);
			buildRules = (
			);
			dependencies = (
				OBJ_92 /* PBXTargetDependency */,
				OBJ_93 /* PBXTargetDependency */,
				OBJ_94 /* PBXTargetDependency */,
				OBJ_95 /* PBXTargetDependency */,
			);
			name = proj1Tests;
			productName = proj1Tests;
			productReference = "proj1::proj1Tests::Product" /* proj1Tests.xctest */;
			productType = "com.apple.product-type.bundle.unit-test";
		};
/* End PBXNativeTarget section */

/* Begin PBXProject section */
		OBJ_1 /* Project object */ = {
			isa = PBXProject;
			attributes = {
				LastUpgradeCheck = 9999;
			};
			buildConfigurationList = OBJ_2 /* Build configuration list for PBXProject "proj1" */;
			compatibilityVersion = "Xcode 3.2";
			developmentRegion = English;
			hasScannedForEncodings = 0;
			knownRegions = (
				English,
				en,
			);
			mainGroup = OBJ_5 /*  */;
			productRefGroup = OBJ_25 /* Products */;
			projectDirPath = "";
			projectRoot = "";
			targets = (
				"proj1::FiniteAutomata" /* FiniteAutomata */,
				"proj1::MyFiniteAutomatas" /* MyFiniteAutomatas */,
				"proj1::Simulator" /* Simulator */,
				"proj1::proj1" /* proj1 */,
				"proj1::SwiftPMPackageDescription" /* proj1PackageDescription */,
				"proj1::proj1PackageTests::ProductTarget" /* proj1PackageTests */,
				"proj1::proj1Tests" /* proj1Tests */,
			);
		};
/* End PBXProject section */

/* Begin PBXSourcesBuildPhase section */
		OBJ_35 /* Sources */ = {
			isa = PBXSourcesBuildPhase;
			buildActionMask = 0;
			files = (
				OBJ_36 /* FiniteAutomata.swift in Sources */,
			);
			runOnlyForDeploymentPostprocessing = 0;
		};
		OBJ_42 /* Sources */ = {
			isa = PBXSourcesBuildPhase;
			buildActionMask = 0;
			files = (
				OBJ_43 /* AstarC2Bstar.swift in Sources */,
				OBJ_44 /* CIdentifierAutomata.swift in Sources */,
				OBJ_45 /* MyFiniteAutomata.swift in Sources */,
			);
			runOnlyForDeploymentPostprocessing = 0;
		};
		OBJ_51 /* Sources */ = {
			isa = PBXSourcesBuildPhase;
			buildActionMask = 0;
			files = (
				OBJ_52 /* Simulator.swift in Sources */,
			);
			runOnlyForDeploymentPostprocessing = 0;
		};
		OBJ_60 /* Sources */ = {
			isa = PBXSourcesBuildPhase;
			buildActionMask = 0;
			files = (
				OBJ_61 /* RunError.swift in Sources */,
				OBJ_62 /* STDERRStream.swift in Sources */,
				OBJ_63 /* main.swift in Sources */,
			);
			runOnlyForDeploymentPostprocessing = 0;
		};
		OBJ_73 /* Sources */ = {
			isa = PBXSourcesBuildPhase;
			buildActionMask = 0;
			files = (
				OBJ_74 /* Package.swift in Sources */,
			);
			runOnlyForDeploymentPostprocessing = 0;
		};
		OBJ_84 /* Sources */ = {
			isa = PBXSourcesBuildPhase;
			buildActionMask = 0;
			files = (
				OBJ_85 /* FiniteAutomataTests.swift in Sources */,
				OBJ_86 /* XCTestManifests.swift in Sources */,
				OBJ_87 /* proj1Tests.swift in Sources */,
			);
			runOnlyForDeploymentPostprocessing = 0;
		};
/* End PBXSourcesBuildPhase section */

/* Begin PBXTargetDependency section */
		OBJ_55 /* PBXTargetDependency */ = {
			isa = PBXTargetDependency;
			target = "proj1::FiniteAutomata" /* FiniteAutomata */;
			targetProxy = 40E1E59E241EAAD000EA1F11 /* PBXContainerItemProxy */;
		};
		OBJ_67 /* PBXTargetDependency */ = {
			isa = PBXTargetDependency;
			target = "proj1::Simulator" /* Simulator */;
			targetProxy = 40E1E59D241EAAD000EA1F11 /* PBXContainerItemProxy */;
		};
		OBJ_68 /* PBXTargetDependency */ = {
			isa = PBXTargetDependency;
			target = "proj1::FiniteAutomata" /* FiniteAutomata */;
			targetProxy = 40E1E59F241EAAD000EA1F11 /* PBXContainerItemProxy */;
		};
		OBJ_79 /* PBXTargetDependency */ = {
			isa = PBXTargetDependency;
			target = "proj1::proj1Tests" /* proj1Tests */;
			targetProxy = 40E1E5A4241EAAD500EA1F11 /* PBXContainerItemProxy */;
		};
		OBJ_92 /* PBXTargetDependency */ = {
			isa = PBXTargetDependency;
			target = "proj1::MyFiniteAutomatas" /* MyFiniteAutomatas */;
			targetProxy = 40E1E5A0241EAAD300EA1F11 /* PBXContainerItemProxy */;
		};
		OBJ_93 /* PBXTargetDependency */ = {
			isa = PBXTargetDependency;
			target = "proj1::proj1" /* proj1 */;
			targetProxy = 40E1E5A1241EAAD300EA1F11 /* PBXContainerItemProxy */;
		};
		OBJ_94 /* PBXTargetDependency */ = {
			isa = PBXTargetDependency;
			target = "proj1::Simulator" /* Simulator */;
			targetProxy = 40E1E5A2241EAAD300EA1F11 /* PBXContainerItemProxy */;
		};
		OBJ_95 /* PBXTargetDependency */ = {
			isa = PBXTargetDependency;
			target = "proj1::FiniteAutomata" /* FiniteAutomata */;
			targetProxy = 40E1E5A3241EAAD300EA1F11 /* PBXContainerItemProxy */;
		};
/* End PBXTargetDependency section */

/* Begin XCBuildConfiguration section */
		OBJ_3 /* Debug */ = {
			isa = XCBuildConfiguration;
			buildSettings = {
				CLANG_ENABLE_OBJC_ARC = YES;
				COMBINE_HIDPI_IMAGES = YES;
				COPY_PHASE_STRIP = NO;
				DEBUG_INFORMATION_FORMAT = dwarf;
				DYLIB_INSTALL_NAME_BASE = "@rpath";
				ENABLE_NS_ASSERTIONS = YES;
				GCC_OPTIMIZATION_LEVEL = 0;
				GCC_PREPROCESSOR_DEFINITIONS = (
					"DEBUG=1",
					"$(inherited)",
				);
				MACOSX_DEPLOYMENT_TARGET = 10.10;
				ONLY_ACTIVE_ARCH = YES;
				OTHER_SWIFT_FLAGS = "-DXcode";
				PRODUCT_NAME = "$(TARGET_NAME)";
				SDKROOT = macosx;
				SUPPORTED_PLATFORMS = "macosx iphoneos iphonesimulator appletvos appletvsimulator watchos watchsimulator";
				SWIFT_ACTIVE_COMPILATION_CONDITIONS = "SWIFT_PACKAGE DEBUG";
				SWIFT_OPTIMIZATION_LEVEL = "-Onone";
				USE_HEADERMAP = NO;
			};
			name = Debug;
		};
		OBJ_33 /* Debug */ = {
			isa = XCBuildConfiguration;
			buildSettings = {
				ENABLE_TESTABILITY = YES;
				FRAMEWORK_SEARCH_PATHS = (
					"$(inherited)",
					"$(PLATFORM_DIR)/Developer/Library/Frameworks",
				);
				HEADER_SEARCH_PATHS = "$(inherited)";
				INFOPLIST_FILE = proj1.xcodeproj/FiniteAutomata_Info.plist;
				LD_RUNPATH_SEARCH_PATHS = "$(inherited) $(TOOLCHAIN_DIR)/usr/lib/swift/macosx";
				OTHER_CFLAGS = "$(inherited)";
				OTHER_LDFLAGS = "$(inherited)";
				OTHER_SWIFT_FLAGS = "$(inherited)";
				PRODUCT_BUNDLE_IDENTIFIER = FiniteAutomata;
				PRODUCT_MODULE_NAME = "$(TARGET_NAME:c99extidentifier)";
				PRODUCT_NAME = "$(TARGET_NAME:c99extidentifier)";
				SKIP_INSTALL = YES;
				SWIFT_ACTIVE_COMPILATION_CONDITIONS = "$(inherited)";
				SWIFT_VERSION = 4.2;
				TARGET_NAME = FiniteAutomata;
			};
			name = Debug;
		};
		OBJ_34 /* Release */ = {
			isa = XCBuildConfiguration;
			buildSettings = {
				ENABLE_TESTABILITY = YES;
				FRAMEWORK_SEARCH_PATHS = (
					"$(inherited)",
					"$(PLATFORM_DIR)/Developer/Library/Frameworks",
				);
				HEADER_SEARCH_PATHS = "$(inherited)";
				INFOPLIST_FILE = proj1.xcodeproj/FiniteAutomata_Info.plist;
				LD_RUNPATH_SEARCH_PATHS = "$(inherited) $(TOOLCHAIN_DIR)/usr/lib/swift/macosx";
				OTHER_CFLAGS = "$(inherited)";
				OTHER_LDFLAGS = "$(inherited)";
				OTHER_SWIFT_FLAGS = "$(inherited)";
				PRODUCT_BUNDLE_IDENTIFIER = FiniteAutomata;
				PRODUCT_MODULE_NAME = "$(TARGET_NAME:c99extidentifier)";
				PRODUCT_NAME = "$(TARGET_NAME:c99extidentifier)";
				SKIP_INSTALL = YES;
				SWIFT_ACTIVE_COMPILATION_CONDITIONS = "$(inherited)";
				SWIFT_VERSION = 4.2;
				TARGET_NAME = FiniteAutomata;
			};
			name = Release;
		};
		OBJ_4 /* Release */ = {
			isa = XCBuildConfiguration;
			buildSettings = {
				CLANG_ENABLE_OBJC_ARC = YES;
				COMBINE_HIDPI_IMAGES = YES;
				COPY_PHASE_STRIP = YES;
				DEBUG_INFORMATION_FORMAT = "dwarf-with-dsym";
				DYLIB_INSTALL_NAME_BASE = "@rpath";
				GCC_OPTIMIZATION_LEVEL = s;
				MACOSX_DEPLOYMENT_TARGET = 10.10;
				OTHER_SWIFT_FLAGS = "-DXcode";
				PRODUCT_NAME = "$(TARGET_NAME)";
				SDKROOT = macosx;
				SUPPORTED_PLATFORMS = "macosx iphoneos iphonesimulator appletvos appletvsimulator watchos watchsimulator";
				SWIFT_ACTIVE_COMPILATION_CONDITIONS = SWIFT_PACKAGE;
				SWIFT_OPTIMIZATION_LEVEL = "-Owholemodule";
				USE_HEADERMAP = NO;
			};
			name = Release;
		};
		OBJ_40 /* Debug */ = {
			isa = XCBuildConfiguration;
			buildSettings = {
				ENABLE_TESTABILITY = YES;
				FRAMEWORK_SEARCH_PATHS = (
					"$(inherited)",
					"$(PLATFORM_DIR)/Developer/Library/Frameworks",
				);
				HEADER_SEARCH_PATHS = "$(inherited)";
				INFOPLIST_FILE = proj1.xcodeproj/MyFiniteAutomatas_Info.plist;
				LD_RUNPATH_SEARCH_PATHS = "$(inherited) $(TOOLCHAIN_DIR)/usr/lib/swift/macosx";
				OTHER_CFLAGS = "$(inherited)";
				OTHER_LDFLAGS = "$(inherited)";
				OTHER_SWIFT_FLAGS = "$(inherited)";
				PRODUCT_BUNDLE_IDENTIFIER = MyFiniteAutomatas;
				PRODUCT_MODULE_NAME = "$(TARGET_NAME:c99extidentifier)";
				PRODUCT_NAME = "$(TARGET_NAME:c99extidentifier)";
				SKIP_INSTALL = YES;
				SWIFT_ACTIVE_COMPILATION_CONDITIONS = "$(inherited)";
				SWIFT_VERSION = 4.2;
				TARGET_NAME = MyFiniteAutomatas;
			};
			name = Debug;
		};
		OBJ_41 /* Release */ = {
			isa = XCBuildConfiguration;
			buildSettings = {
				ENABLE_TESTABILITY = YES;
				FRAMEWORK_SEARCH_PATHS = (
					"$(inherited)",
					"$(PLATFORM_DIR)/Developer/Library/Frameworks",
				);
				HEADER_SEARCH_PATHS = "$(inherited)";
				INFOPLIST_FILE = proj1.xcodeproj/MyFiniteAutomatas_Info.plist;
				LD_RUNPATH_SEARCH_PATHS = "$(inherited) $(TOOLCHAIN_DIR)/usr/lib/swift/macosx";
				OTHER_CFLAGS = "$(inherited)";
				OTHER_LDFLAGS = "$(inherited)";
				OTHER_SWIFT_FLAGS = "$(inherited)";
				PRODUCT_BUNDLE_IDENTIFIER = MyFiniteAutomatas;
				PRODUCT_MODULE_NAME = "$(TARGET_NAME:c99extidentifier)";
				PRODUCT_NAME = "$(TARGET_NAME:c99extidentifier)";
				SKIP_INSTALL = YES;
				SWIFT_ACTIVE_COMPILATION_CONDITIONS = "$(inherited)";
				SWIFT_VERSION = 4.2;
				TARGET_NAME = MyFiniteAutomatas;
			};
			name = Release;
		};
		OBJ_49 /* Debug */ = {
			isa = XCBuildConfiguration;
			buildSettings = {
				ENABLE_TESTABILITY = YES;
				FRAMEWORK_SEARCH_PATHS = (
					"$(inherited)",
					"$(PLATFORM_DIR)/Developer/Library/Frameworks",
				);
				HEADER_SEARCH_PATHS = "$(inherited)";
				INFOPLIST_FILE = proj1.xcodeproj/Simulator_Info.plist;
				LD_RUNPATH_SEARCH_PATHS = "$(inherited) $(TOOLCHAIN_DIR)/usr/lib/swift/macosx";
				OTHER_CFLAGS = "$(inherited)";
				OTHER_LDFLAGS = "$(inherited)";
				OTHER_SWIFT_FLAGS = "$(inherited)";
				PRODUCT_BUNDLE_IDENTIFIER = Simulator;
				PRODUCT_MODULE_NAME = "$(TARGET_NAME:c99extidentifier)";
				PRODUCT_NAME = "$(TARGET_NAME:c99extidentifier)";
				SKIP_INSTALL = YES;
				SWIFT_ACTIVE_COMPILATION_CONDITIONS = "$(inherited)";
				SWIFT_VERSION = 4.2;
				TARGET_NAME = Simulator;
			};
			name = Debug;
		};
		OBJ_50 /* Release */ = {
			isa = XCBuildConfiguration;
			buildSettings = {
				ENABLE_TESTABILITY = YES;
				FRAMEWORK_SEARCH_PATHS = (
					"$(inherited)",
					"$(PLATFORM_DIR)/Developer/Library/Frameworks",
				);
				HEADER_SEARCH_PATHS = "$(inherited)";
				INFOPLIST_FILE = proj1.xcodeproj/Simulator_Info.plist;
				LD_RUNPATH_SEARCH_PATHS = "$(inherited) $(TOOLCHAIN_DIR)/usr/lib/swift/macosx";
				OTHER_CFLAGS = "$(inherited)";
				OTHER_LDFLAGS = "$(inherited)";
				OTHER_SWIFT_FLAGS = "$(inherited)";
				PRODUCT_BUNDLE_IDENTIFIER = Simulator;
				PRODUCT_MODULE_NAME = "$(TARGET_NAME:c99extidentifier)";
				PRODUCT_NAME = "$(TARGET_NAME:c99extidentifier)";
				SKIP_INSTALL = YES;
				SWIFT_ACTIVE_COMPILATION_CONDITIONS = "$(inherited)";
				SWIFT_VERSION = 4.2;
				TARGET_NAME = Simulator;
			};
			name = Release;
		};
		OBJ_58 /* Debug */ = {
			isa = XCBuildConfiguration;
			buildSettings = {
				FRAMEWORK_SEARCH_PATHS = (
					"$(inherited)",
					"$(PLATFORM_DIR)/Developer/Library/Frameworks",
				);
				HEADER_SEARCH_PATHS = "$(inherited)";
				INFOPLIST_FILE = proj1.xcodeproj/proj1_Info.plist;
				LD_RUNPATH_SEARCH_PATHS = "$(inherited) $(TOOLCHAIN_DIR)/usr/lib/swift/macosx @executable_path";
				OTHER_CFLAGS = "$(inherited)";
				OTHER_LDFLAGS = "$(inherited)";
				OTHER_SWIFT_FLAGS = "$(inherited)";
				SWIFT_ACTIVE_COMPILATION_CONDITIONS = "$(inherited)";
				SWIFT_FORCE_DYNAMIC_LINK_STDLIB = YES;
				SWIFT_FORCE_STATIC_LINK_STDLIB = NO;
				SWIFT_VERSION = 4.2;
				TARGET_NAME = proj1;
			};
			name = Debug;
		};
		OBJ_59 /* Release */ = {
			isa = XCBuildConfiguration;
			buildSettings = {
				FRAMEWORK_SEARCH_PATHS = (
					"$(inherited)",
					"$(PLATFORM_DIR)/Developer/Library/Frameworks",
				);
				HEADER_SEARCH_PATHS = "$(inherited)";
				INFOPLIST_FILE = proj1.xcodeproj/proj1_Info.plist;
				LD_RUNPATH_SEARCH_PATHS = "$(inherited) $(TOOLCHAIN_DIR)/usr/lib/swift/macosx @executable_path";
				OTHER_CFLAGS = "$(inherited)";
				OTHER_LDFLAGS = "$(inherited)";
				OTHER_SWIFT_FLAGS = "$(inherited)";
				SWIFT_ACTIVE_COMPILATION_CONDITIONS = "$(inherited)";
				SWIFT_FORCE_DYNAMIC_LINK_STDLIB = YES;
				SWIFT_FORCE_STATIC_LINK_STDLIB = NO;
				SWIFT_VERSION = 4.2;
				TARGET_NAME = proj1;
			};
			name = Release;
		};
		OBJ_71 /* Debug */ = {
			isa = XCBuildConfiguration;
			buildSettings = {
				LD = /usr/bin/true;
				OTHER_SWIFT_FLAGS = "-swift-version 4.2 -I $(TOOLCHAIN_DIR)/usr/lib/swift/pm/4_2 -target x86_64-apple-macosx10.10 -sdk /Applications/Xcode.app/Contents/Developer/Platforms/MacOSX.platform/Developer/SDKs/MacOSX10.14.sdk";
				SWIFT_VERSION = 4.2;
			};
			name = Debug;
		};
		OBJ_72 /* Release */ = {
			isa = XCBuildConfiguration;
			buildSettings = {
				LD = /usr/bin/true;
				OTHER_SWIFT_FLAGS = "-swift-version 4.2 -I $(TOOLCHAIN_DIR)/usr/lib/swift/pm/4_2 -target x86_64-apple-macosx10.10 -sdk /Applications/Xcode.app/Contents/Developer/Platforms/MacOSX.platform/Developer/SDKs/MacOSX10.14.sdk";
				SWIFT_VERSION = 4.2;
			};
			name = Release;
		};
		OBJ_77 /* Debug */ = {
			isa = XCBuildConfiguration;
			buildSettings = {
			};
			name = Debug;
		};
		OBJ_78 /* Release */ = {
			isa = XCBuildConfiguration;
			buildSettings = {
			};
			name = Release;
		};
		OBJ_82 /* Debug */ = {
			isa = XCBuildConfiguration;
			buildSettings = {
				CLANG_ENABLE_MODULES = YES;
				EMBEDDED_CONTENT_CONTAINS_SWIFT = YES;
				FRAMEWORK_SEARCH_PATHS = (
					"$(inherited)",
					"$(PLATFORM_DIR)/Developer/Library/Frameworks",
				);
				HEADER_SEARCH_PATHS = "$(inherited)";
				INFOPLIST_FILE = proj1.xcodeproj/proj1Tests_Info.plist;
				LD_RUNPATH_SEARCH_PATHS = "$(inherited) @loader_path/../Frameworks @loader_path/Frameworks";
				OTHER_CFLAGS = "$(inherited)";
				OTHER_LDFLAGS = "$(inherited)";
				OTHER_SWIFT_FLAGS = "$(inherited)";
				SWIFT_ACTIVE_COMPILATION_CONDITIONS = "$(inherited)";
				SWIFT_VERSION = 4.2;
				TARGET_NAME = proj1Tests;
			};
			name = Debug;
		};
		OBJ_83 /* Release */ = {
			isa = XCBuildConfiguration;
			buildSettings = {
				CLANG_ENABLE_MODULES = YES;
				EMBEDDED_CONTENT_CONTAINS_SWIFT = YES;
				FRAMEWORK_SEARCH_PATHS = (
					"$(inherited)",
					"$(PLATFORM_DIR)/Developer/Library/Frameworks",
				);
				HEADER_SEARCH_PATHS = "$(inherited)";
				INFOPLIST_FILE = proj1.xcodeproj/proj1Tests_Info.plist;
				LD_RUNPATH_SEARCH_PATHS = "$(inherited) @loader_path/../Frameworks @loader_path/Frameworks";
				OTHER_CFLAGS = "$(inherited)";
				OTHER_LDFLAGS = "$(inherited)";
				OTHER_SWIFT_FLAGS = "$(inherited)";
				SWIFT_ACTIVE_COMPILATION_CONDITIONS = "$(inherited)";
				SWIFT_VERSION = 4.2;
				TARGET_NAME = proj1Tests;
			};
			name = Release;
		};
/* End XCBuildConfiguration section */

/* Begin XCConfigurationList section */
		OBJ_2 /* Build configuration list for PBXProject "proj1" */ = {
			isa = XCConfigurationList;
			buildConfigurations = (
				OBJ_3 /* Debug */,
				OBJ_4 /* Release */,
			);
			defaultConfigurationIsVisible = 0;
			defaultConfigurationName = Release;
		};
		OBJ_32 /* Build configuration list for PBXNativeTarget "FiniteAutomata" */ = {
			isa = XCConfigurationList;
			buildConfigurations = (
				OBJ_33 /* Debug */,
				OBJ_34 /* Release */,
			);
			defaultConfigurationIsVisible = 0;
			defaultConfigurationName = Release;
		};
		OBJ_39 /* Build configuration list for PBXNativeTarget "MyFiniteAutomatas" */ = {
			isa = XCConfigurationList;
			buildConfigurations = (
				OBJ_40 /* Debug */,
				OBJ_41 /* Release */,
			);
			defaultConfigurationIsVisible = 0;
			defaultConfigurationName = Release;
		};
		OBJ_48 /* Build configuration list for PBXNativeTarget "Simulator" */ = {
			isa = XCConfigurationList;
			buildConfigurations = (
				OBJ_49 /* Debug */,
				OBJ_50 /* Release */,
			);
			defaultConfigurationIsVisible = 0;
			defaultConfigurationName = Release;
		};
		OBJ_57 /* Build configuration list for PBXNativeTarget "proj1" */ = {
			isa = XCConfigurationList;
			buildConfigurations = (
				OBJ_58 /* Debug */,
				OBJ_59 /* Release */,
			);
			defaultConfigurationIsVisible = 0;
			defaultConfigurationName = Release;
		};
		OBJ_70 /* Build configuration list for PBXNativeTarget "proj1PackageDescription" */ = {
			isa = XCConfigurationList;
			buildConfigurations = (
				OBJ_71 /* Debug */,
				OBJ_72 /* Release */,
			);
			defaultConfigurationIsVisible = 0;
			defaultConfigurationName = Release;
		};
		OBJ_76 /* Build configuration list for PBXAggregateTarget "proj1PackageTests" */ = {
			isa = XCConfigurationList;
			buildConfigurations = (
				OBJ_77 /* Debug */,
				OBJ_78 /* Release */,
			);
			defaultConfigurationIsVisible = 0;
			defaultConfigurationName = Release;
		};
		OBJ_81 /* Build configuration list for PBXNativeTarget "proj1Tests" */ = {
			isa = XCConfigurationList;
			buildConfigurations = (
				OBJ_82 /* Debug */,
				OBJ_83 /* Release */,
			);
			defaultConfigurationIsVisible = 0;
			defaultConfigurationName = Release;
		};
/* End XCConfigurationList section */
	};
	rootObject = OBJ_1 /* Project object */;
}
